
Microsoft Visual Studio Solution File, Format Version 12.00
# Visual Studio 15
VisualStudioVersion = 15.0.28307.329
MinimumVisualStudioVersion = 10.0.40219.1
Project("{FAE04EC0-301F-11D3-BF4B-00C04F79EFBC}") = "Db_store", "Db_store\Db_store.csproj", "{542A48C9-DF82-4790-B2B0-3669D88A7BB0}"
EndProject
Global
	GlobalSection(SolutionConfigurationPlatforms) = preSolution
		Debug|Any CPU = Debug|Any CPU
		Release|Any CPU = Release|Any CPU
	EndGlobalSection
	GlobalSection(ProjectConfigurationPlatforms) = postSolution
		{542A48C9-DF82-4790-B2B0-3669D88A7BB0}.Debug|Any CPU.ActiveCfg = Debug|Any CPU
		{542A48C9-DF82-4790-B2B0-3669D88A7BB0}.Debug|Any CPU.Build.0 = Debug|Any CPU
		{542A48C9-DF82-4790-B2B0-3669D88A7BB0}.Release|Any CPU.ActiveCfg = Release|Any CPU
		{542A48C9-DF82-4790-B2B0-3669D88A7BB0}.Release|Any CPU.Build.0 = Release|Any CPU
	EndGlobalSection
	GlobalSection(SolutionProperties) = preSolution
		HideSolutionNode = FALSE
	EndGlobalSection
	GlobalSection(ExtensibilityGlobals) = postSolution
		SolutionGuid = {92906E67-41CC-4353-9271-B6B4041F8747}
	EndGlobalSection
EndGlobal
